
Microsoft Visual Studio Solution File, Format Version 12.00
# Visual Studio Version 16
VisualStudioVersion = 16.0.30711.63
MinimumVisualStudioVersion = 10.0.40219.1
Project("{FAE04EC0-301F-11D3-BF4B-00C04F79EFBC}") = "Vop", "Vop.csproj", "{0B03F365-AB95-4C6A-A6E3-1837BFB2897F}"
EndProject
Project("{FAE04EC0-301F-11D3-BF4B-00C04F79EFBC}") = "Vop.Web", "..\Vop.Web\Vop.Web.csproj", "{864DE225-33BB-4D7B-BA55-57760EDBE3A2}"
EndProject
Global
	GlobalSection(SolutionConfigurationPlatforms) = preSolution
		Debug|Any CPU = Debug|Any CPU
		Release|Any CPU = Release|Any CPU
	EndGlobalSection
	GlobalSection(ProjectConfigurationPlatforms) = postSolution
		{0B03F365-AB95-4C6A-A6E3-1837BFB2897F}.Debug|Any CPU.ActiveCfg = Debug|Any CPU
		{0B03F365-AB95-4C6A-A6E3-1837BFB2897F}.Debug|Any CPU.Build.0 = Debug|Any CPU
		{0B03F365-AB95-4C6A-A6E3-1837BFB2897F}.Release|Any CPU.ActiveCfg = Release|Any CPU
		{0B03F365-AB95-4C6A-A6E3-1837BFB2897F}.Release|Any CPU.Build.0 = Release|Any CPU
		{864DE225-33BB-4D7B-BA55-57760EDBE3A2}.Debug|Any CPU.ActiveCfg = Debug|Any CPU
		{864DE225-33BB-4D7B-BA55-57760EDBE3A2}.Debug|Any CPU.Build.0 = Debug|Any CPU
		{864DE225-33BB-4D7B-BA55-57760EDBE3A2}.Release|Any CPU.ActiveCfg = Release|Any CPU
		{864DE225-33BB-4D7B-BA55-57760EDBE3A2}.Release|Any CPU.Build.0 = Release|Any CPU
	EndGlobalSection
	GlobalSection(SolutionProperties) = preSolution
		HideSolutionNode = FALSE
	EndGlobalSection
	GlobalSection(ExtensibilityGlobals) = postSolution
		SolutionGuid = {66A1A4EE-DC1A-4CB7-A34B-D3DEF0D653A2}
	EndGlobalSection
EndGlobal
